// !$*UTF8*$!
{
	archiveVersion = 1;
	classes = {
	};
	objectVersion = 46;
	objects = {

/* Begin PBXBuildFile section */
		3F240FBE22726AF600C16E97 /* AppDelegate.swift in Sources */ = {isa = PBXBuildFile; fileRef = 3F240FBD22726AF600C16E97 /* AppDelegate.swift */; };
		3F240FC022726AF600C16E97 /* ViewController.swift in Sources */ = {isa = PBXBuildFile; fileRef = 3F240FBF22726AF600C16E97 /* ViewController.swift */; };
		3F240FC322726AF600C16E97 /* Main.storyboard in Resources */ = {isa = PBXBuildFile; fileRef = 3F240FC122726AF600C16E97 /* Main.storyboard */; };
		3F240FC522726AF600C16E97 /* Assets.xcassets in Resources */ = {isa = PBXBuildFile; fileRef = 3F240FC422726AF600C16E97 /* Assets.xcassets */; };
		3F240FC822726AF600C16E97 /* LaunchScreen.storyboard in Resources */ = {isa = PBXBuildFile; fileRef = 3F240FC622726AF600C16E97 /* LaunchScreen.storyboard */; };
		3F2772C3227BC58B003D8D35 /* WebKit.framework in Frameworks */ = {isa = PBXBuildFile; fileRef = 3F2772C2227BC58B003D8D35 /* WebKit.framework */; };
		3F2772C5227BC64A003D8D35 /* BotViewController.swift in Sources */ = {isa = PBXBuildFile; fileRef = 3F2772C4227BC64A003D8D35 /* BotViewController.swift */; };
		3F4EF0F5227BB88700F9F0F2 /* ConfigViewController.swift in Sources */ = {isa = PBXBuildFile; fileRef = 3F4EF0F4227BB88700F9F0F2 /* ConfigViewController.swift */; };
		3F4EF0F7227BB9E000F9F0F2 /* userInfo.swift in Sources */ = {isa = PBXBuildFile; fileRef = 3F4EF0F6227BB9E000F9F0F2 /* userInfo.swift */; };
		3F6689CA2274D592001042E2 /* ViewControllerMapa.swift in Sources */ = {isa = PBXBuildFile; fileRef = 3F6689C92274D592001042E2 /* ViewControllerMapa.swift */; };
		3F6689CC2274D5BB001042E2 /* ViewControllerCreateEvent.swift in Sources */ = {isa = PBXBuildFile; fileRef = 3F6689CB2274D5BB001042E2 /* ViewControllerCreateEvent.swift */; };
		3FB4287722790987002C1327 /* ProfileTableViewCell.swift in Sources */ = {isa = PBXBuildFile; fileRef = 3FB4287522790987002C1327 /* ProfileTableViewCell.swift */; };
		3FB4287822790987002C1327 /* ProfileTableViewController.swift in Sources */ = {isa = PBXBuildFile; fileRef = 3FB4287622790987002C1327 /* ProfileTableViewController.swift */; };
		3FE3A2CF2274E443008A7995 /* events.swift in Sources */ = {isa = PBXBuildFile; fileRef = 3FE3A2CB2274E443008A7995 /* events.swift */; };
		3FE3A2D02274E443008A7995 /* EventScreenViewController.swift in Sources */ = {isa = PBXBuildFile; fileRef = 3FE3A2CC2274E443008A7995 /* EventScreenViewController.swift */; };
		3FE3A2D12274E443008A7995 /* FeedTableViewCell.swift in Sources */ = {isa = PBXBuildFile; fileRef = 3FE3A2CD2274E443008A7995 /* FeedTableViewCell.swift */; };
		3FE3A2D22274E443008A7995 /* FeedTableViewController.swift in Sources */ = {isa = PBXBuildFile; fileRef = 3FE3A2CE2274E443008A7995 /* FeedTableViewController.swift */; };
/* End PBXBuildFile section */

/* Begin PBXFileReference section */
		3F240FBA22726AF600C16E97 /* OurAdventure.app */ = {isa = PBXFileReference; explicitFileType = wrapper.application; includeInIndex = 0; path = OurAdventure.app; sourceTree = BUILT_PRODUCTS_DIR; };
		3F240FBD22726AF600C16E97 /* AppDelegate.swift */ = {isa = PBXFileReference; lastKnownFileType = sourcecode.swift; path = AppDelegate.swift; sourceTree = "<group>"; };
		3F240FBF22726AF600C16E97 /* ViewController.swift */ = {isa = PBXFileReference; lastKnownFileType = sourcecode.swift; path = ViewController.swift; sourceTree = "<group>"; };
		3F240FC222726AF600C16E97 /* Base */ = {isa = PBXFileReference; lastKnownFileType = file.storyboard; name = Base; path = Base.lproj/Main.storyboard; sourceTree = "<group>"; };
		3F240FC422726AF600C16E97 /* Assets.xcassets */ = {isa = PBXFileReference; lastKnownFileType = folder.assetcatalog; path = Assets.xcassets; sourceTree = "<group>"; };
		3F240FC722726AF600C16E97 /* Base */ = {isa = PBXFileReference; lastKnownFileType = file.storyboard; name = Base; path = Base.lproj/LaunchScreen.storyboard; sourceTree = "<group>"; };
		3F240FC922726AF600C16E97 /* Info.plist */ = {isa = PBXFileReference; lastKnownFileType = text.plist.xml; path = Info.plist; sourceTree = "<group>"; };
		3F2772C2227BC58B003D8D35 /* WebKit.framework */ = {isa = PBXFileReference; lastKnownFileType = wrapper.framework; name = WebKit.framework; path = System/Library/Frameworks/WebKit.framework; sourceTree = SDKROOT; };
		3F2772C4227BC64A003D8D35 /* BotViewController.swift */ = {isa = PBXFileReference; fileEncoding = 4; lastKnownFileType = sourcecode.swift; path = BotViewController.swift; sourceTree = "<group>"; };
		3F4EF0F4227BB88700F9F0F2 /* ConfigViewController.swift */ = {isa = PBXFileReference; fileEncoding = 4; lastKnownFileType = sourcecode.swift; path = ConfigViewController.swift; sourceTree = "<group>"; };
		3F4EF0F6227BB9E000F9F0F2 /* userInfo.swift */ = {isa = PBXFileReference; fileEncoding = 4; lastKnownFileType = sourcecode.swift; path = userInfo.swift; sourceTree = "<group>"; };
		3F6689C92274D592001042E2 /* ViewControllerMapa.swift */ = {isa = PBXFileReference; fileEncoding = 4; lastKnownFileType = sourcecode.swift; path = ViewControllerMapa.swift; sourceTree = "<group>"; };
		3F6689CB2274D5BB001042E2 /* ViewControllerCreateEvent.swift */ = {isa = PBXFileReference; fileEncoding = 4; lastKnownFileType = sourcecode.swift; path = ViewControllerCreateEvent.swift; sourceTree = "<group>"; };
		3FB4287522790987002C1327 /* ProfileTableViewCell.swift */ = {isa = PBXFileReference; fileEncoding = 4; lastKnownFileType = sourcecode.swift; path = ProfileTableViewCell.swift; sourceTree = "<group>"; };
		3FB4287622790987002C1327 /* ProfileTableViewController.swift */ = {isa = PBXFileReference; fileEncoding = 4; lastKnownFileType = sourcecode.swift; path = ProfileTableViewController.swift; sourceTree = "<group>"; };
		3FE3A2CB2274E443008A7995 /* events.swift */ = {isa = PBXFileReference; fileEncoding = 4; lastKnownFileType = sourcecode.swift; path = events.swift; sourceTree = "<group>"; };
		3FE3A2CC2274E443008A7995 /* EventScreenViewController.swift */ = {isa = PBXFileReference; fileEncoding = 4; lastKnownFileType = sourcecode.swift; path = EventScreenViewController.swift; sourceTree = "<group>"; };
		3FE3A2CD2274E443008A7995 /* FeedTableViewCell.swift */ = {isa = PBXFileReference; fileEncoding = 4; lastKnownFileType = sourcecode.swift; path = FeedTableViewCell.swift; sourceTree = "<group>"; };
		3FE3A2CE2274E443008A7995 /* FeedTableViewController.swift */ = {isa = PBXFileReference; fileEncoding = 4; lastKnownFileType = sourcecode.swift; path = FeedTableViewController.swift; sourceTree = "<group>"; };
/* End PBXFileReference section */

/* Begin PBXFrameworksBuildPhase section */
		3F240FB722726AF600C16E97 /* Frameworks */ = {
			isa = PBXFrameworksBuildPhase;
			buildActionMask = 2147483647;
			files = (
				3F2772C3227BC58B003D8D35 /* WebKit.framework in Frameworks */,
			);
			runOnlyForDeploymentPostprocessing = 0;
		};
/* End PBXFrameworksBuildPhase section */

/* Begin PBXGroup section */
		3F240FB122726AF600C16E97 = {
			isa = PBXGroup;
			children = (
				3F240FBC22726AF600C16E97 /* OurAdventure */,
				3F240FBB22726AF600C16E97 /* Products */,
				3F2772C1227BC58B003D8D35 /* Frameworks */,
			);
			sourceTree = "<group>";
		};
		3F240FBB22726AF600C16E97 /* Products */ = {
			isa = PBXGroup;
			children = (
				3F240FBA22726AF600C16E97 /* OurAdventure.app */,
			);
			name = Products;
			sourceTree = "<group>";
		};
		3F240FBC22726AF600C16E97 /* OurAdventure */ = {
			isa = PBXGroup;
			children = (
				3F240FBD22726AF600C16E97 /* AppDelegate.swift */,
				3F240FBF22726AF600C16E97 /* ViewController.swift */,
				3F240FC122726AF600C16E97 /* Main.storyboard */,
				3F2772C4227BC64A003D8D35 /* BotViewController.swift */,
				3F4EF0F4227BB88700F9F0F2 /* ConfigViewController.swift */,
				3FB4287522790987002C1327 /* ProfileTableViewCell.swift */,
				3FB4287622790987002C1327 /* ProfileTableViewController.swift */,
				3FE3A2CB2274E443008A7995 /* events.swift */,
				3F4EF0F6227BB9E000F9F0F2 /* userInfo.swift */,
				3FE3A2CC2274E443008A7995 /* EventScreenViewController.swift */,
				3FE3A2CD2274E443008A7995 /* FeedTableViewCell.swift */,
				3FE3A2CE2274E443008A7995 /* FeedTableViewController.swift */,
				3F6689CB2274D5BB001042E2 /* ViewControllerCreateEvent.swift */,
				3F6689C92274D592001042E2 /* ViewControllerMapa.swift */,
				3F240FC422726AF600C16E97 /* Assets.xcassets */,
				3F240FC622726AF600C16E97 /* LaunchScreen.storyboard */,
				3F240FC922726AF600C16E97 /* Info.plist */,
			);
			path = OurAdventure;
			sourceTree = "<group>";
		};
		3F2772C1227BC58B003D8D35 /* Frameworks */ = {
			isa = PBXGroup;
			children = (
				3F2772C2227BC58B003D8D35 /* WebKit.framework */,
			);
			name = Frameworks;
			sourceTree = "<group>";
		};
/* End PBXGroup section */

/* Begin PBXNativeTarget section */
		3F240FB922726AF600C16E97 /* OurAdventure */ = {
			isa = PBXNativeTarget;
			buildConfigurationList = 3F240FCC22726AF600C16E97 /* Build configuration list for PBXNativeTarget "OurAdventure" */;
			buildPhases = (
				3F240FB622726AF600C16E97 /* Sources */,
				3F240FB722726AF600C16E97 /* Frameworks */,
				3F240FB822726AF600C16E97 /* Resources */,
			);
			buildRules = (
			);
			dependencies = (
			);
			name = OurAdventure;
			productName = OurAdventure;
			productReference = 3F240FBA22726AF600C16E97 /* OurAdventure.app */;
			productType = "com.apple.product-type.application";
		};
/* End PBXNativeTarget section */

/* Begin PBXProject section */
		3F240FB222726AF600C16E97 /* Project object */ = {
			isa = PBXProject;
			attributes = {
				LastSwiftUpdateCheck = 0830;
				LastUpgradeCheck = 0830;
				ORGANIZATIONNAME = student;
				TargetAttributes = {
					3F240FB922726AF600C16E97 = {
						CreatedOnToolsVersion = 8.3.3;
						ProvisioningStyle = Automatic;
					};
				};
			};
			buildConfigurationList = 3F240FB522726AF600C16E97 /* Build configuration list for PBXProject "OurAdventure" */;
			compatibilityVersion = "Xcode 3.2";
			developmentRegion = English;
			hasScannedForEncodings = 0;
			knownRegions = (
				en,
				Base,
			);
			mainGroup = 3F240FB122726AF600C16E97;
			productRefGroup = 3F240FBB22726AF600C16E97 /* Products */;
			projectDirPath = "";
			projectRoot = "";
			targets = (
				3F240FB922726AF600C16E97 /* OurAdventure */,
			);
		};
/* End PBXProject section */

/* Begin PBXResourcesBuildPhase section */
		3F240FB822726AF600C16E97 /* Resources */ = {
			isa = PBXResourcesBuildPhase;
			buildActionMask = 2147483647;
			files = (
				3F240FC822726AF600C16E97 /* LaunchScreen.storyboard in Resources */,
				3F240FC522726AF600C16E97 /* Assets.xcassets in Resources */,
				3F240FC322726AF600C16E97 /* Main.storyboard in Resources */,
			);
			runOnlyForDeploymentPostprocessing = 0;
		};
/* End PBXResourcesBuildPhase section */

/* Begin PBXSourcesBuildPhase section */
		3F240FB622726AF600C16E97 /* Sources */ = {
			isa = PBXSourcesBuildPhase;
			buildActionMask = 2147483647;
			files = (
				3F4EF0F7227BB9E000F9F0F2 /* userInfo.swift in Sources */,
				3F6689CA2274D592001042E2 /* ViewControllerMapa.swift in Sources */,
				3FE3A2D02274E443008A7995 /* EventScreenViewController.swift in Sources */,
				3FE3A2D12274E443008A7995 /* FeedTableViewCell.swift in Sources */,
				3F4EF0F5227BB88700F9F0F2 /* ConfigViewController.swift in Sources */,
				3FB4287722790987002C1327 /* ProfileTableViewCell.swift in Sources */,
				3FE3A2D22274E443008A7995 /* FeedTableViewController.swift in Sources */,
				3F2772C5227BC64A003D8D35 /* BotViewController.swift in Sources */,
				3F240FC022726AF600C16E97 /* ViewController.swift in Sources */,
				3FB4287822790987002C1327 /* ProfileTableViewController.swift in Sources */,
				3F240FBE22726AF600C16E97 /* AppDelegate.swift in Sources */,
				3F6689CC2274D5BB001042E2 /* ViewControllerCreateEvent.swift in Sources */,
				3FE3A2CF2274E443008A7995 /* events.swift in Sources */,
			);
			runOnlyForDeploymentPostprocessing = 0;
		};
/* End PBXSourcesBuildPhase section */

/* Begin PBXVariantGroup section */
		3F240FC122726AF600C16E97 /* Main.storyboard */ = {
			isa = PBXVariantGroup;
			children = (
				3F240FC222726AF600C16E97 /* Base */,
			);
			name = Main.storyboard;
			sourceTree = "<group>";
		};
		3F240FC622726AF600C16E97 /* LaunchScreen.storyboard */ = {
			isa = PBXVariantGroup;
			children = (
				3F240FC722726AF600C16E97 /* Base */,
			);
			name = LaunchScreen.storyboard;
			sourceTree = "<group>";
		};
/* End PBXVariantGroup section */

/* Begin XCBuildConfiguration section */
		3F240FCA22726AF600C16E97 /* Debug */ = {
			isa = XCBuildConfiguration;
			buildSettings = {
				ALWAYS_SEARCH_USER_PATHS = NO;
				CLANG_ANALYZER_NONNULL = YES;
				CLANG_ANALYZER_NUMBER_OBJECT_CONVERSION = YES_AGGRESSIVE;
				CLANG_CXX_LANGUAGE_STANDARD = "gnu++0x";
				CLANG_CXX_LIBRARY = "libc++";
				CLANG_ENABLE_MODULES = YES;
				CLANG_ENABLE_OBJC_ARC = YES;
				CLANG_WARN_BOOL_CONVERSION = YES;
				CLANG_WARN_CONSTANT_CONVERSION = YES;
				CLANG_WARN_DIRECT_OBJC_ISA_USAGE = YES_ERROR;
				CLANG_WARN_DOCUMENTATION_COMMENTS = YES;
				CLANG_WARN_EMPTY_BODY = YES;
				CLANG_WARN_ENUM_CONVERSION = YES;
				CLANG_WARN_INFINITE_RECURSION = YES;
				CLANG_WARN_INT_CONVERSION = YES;
				CLANG_WARN_OBJC_ROOT_CLASS = YES_ERROR;
				CLANG_WARN_SUSPICIOUS_MOVE = YES;
				CLANG_WARN_UNREACHABLE_CODE = YES;
				CLANG_WARN__DUPLICATE_METHOD_MATCH = YES;
				"CODE_SIGN_IDENTITY[sdk=iphoneos*]" = "iPhone Developer";
				COPY_PHASE_STRIP = NO;
				DEBUG_INFORMATION_FORMAT = dwarf;
				ENABLE_STRICT_OBJC_MSGSEND = YES;
				ENABLE_TESTABILITY = YES;
				GCC_C_LANGUAGE_STANDARD = gnu99;
				GCC_DYNAMIC_NO_PIC = NO;
				GCC_NO_COMMON_BLOCKS = YES;
				GCC_OPTIMIZATION_LEVEL = 0;
				GCC_PREPROCESSOR_DEFINITIONS = (
					"DEBUG=1",
					"$(inherited)",
				);
				GCC_WARN_64_TO_32_BIT_CONVERSION = YES;
				GCC_WARN_ABOUT_RETURN_TYPE = YES_ERROR;
				GCC_WARN_UNDECLARED_SELECTOR = YES;
				GCC_WARN_UNINITIALIZED_AUTOS = YES_AGGRESSIVE;
				GCC_WARN_UNUSED_FUNCTION = YES;
				GCC_WARN_UNUSED_VARIABLE = YES;
				IPHONEOS_DEPLOYMENT_TARGET = 10.3;
				MTL_ENABLE_DEBUG_INFO = YES;
				ONLY_ACTIVE_ARCH = YES;
				SDKROOT = iphoneos;
				SWIFT_ACTIVE_COMPILATION_CONDITIONS = DEBUG;
				SWIFT_OPTIMIZATION_LEVEL = "-Onone";
				TARGETED_DEVICE_FAMILY = "1,2";
			};
			name = Debug;
		};
		3F240FCB22726AF600C16E97 /* Release */ = {
			isa = XCBuildConfiguration;
			buildSettings = {
				ALWAYS_SEARCH_USER_PATHS = NO;
				CLANG_ANALYZER_NONNULL = YES;
				CLANG_ANALYZER_NUMBER_OBJECT_CONVERSION = YES_AGGRESSIVE;
				CLANG_CXX_LANGUAGE_STANDARD = "gnu++0x";
				CLANG_CXX_LIBRARY = "libc++";
				CLANG_ENABLE_MODULES = YES;
				CLANG_ENABLE_OBJC_ARC = YES;
				CLANG_WARN_BOOL_CONVERSION = YES;
				CLANG_WARN_CONSTANT_CONVERSION = YES;
				CLANG_WARN_DIRECT_OBJC_ISA_USAGE = YES_ERROR;
				CLANG_WARN_DOCUMENTATION_COMMENTS = YES;
				CLANG_WARN_EMPTY_BODY = YES;
				CLANG_WARN_ENUM_CONVERSION = YES;
				CLANG_WARN_INFINITE_RECURSION = YES;
				CLANG_WARN_INT_CONVERSION = YES;
				CLANG_WARN_OBJC_ROOT_CLASS = YES_ERROR;
				CLANG_WARN_SUSPICIOUS_MOVE = YES;
				CLANG_WARN_UNREACHABLE_CODE = YES;
				CLANG_WARN__DUPLICATE_METHOD_MATCH = YES;
				"CODE_SIGN_IDENTITY[sdk=iphoneos*]" = "iPhone Developer";
				COPY_PHASE_STRIP = NO;
				DEBUG_INFORMATION_FORMAT = "dwarf-with-dsym";
				ENABLE_NS_ASSERTIONS = NO;
				ENABLE_STRICT_OBJC_MSGSEND = YES;
				GCC_C_LANGUAGE_STANDARD = gnu99;
				GCC_NO_COMMON_BLOCKS = YES;
				GCC_WARN_64_TO_32_BIT_CONVERSION = YES;
				GCC_WARN_ABOUT_RETURN_TYPE = YES_ERROR;
				GCC_WARN_UNDECLARED_SELECTOR = YES;
				GCC_WARN_UNINITIALIZED_AUTOS = YES_AGGRESSIVE;
				GCC_WARN_UNUSED_FUNCTION = YES;
				GCC_WARN_UNUSED_VARIABLE = YES;
				IPHONEOS_DEPLOYMENT_TARGET = 10.3;
				MTL_ENABLE_DEBUG_INFO = NO;
				SDKROOT = iphoneos;
				SWIFT_OPTIMIZATION_LEVEL = "-Owholemodule";
				TARGETED_DEVICE_FAMILY = "1,2";
				VALIDATE_PRODUCT = YES;
			};
			name = Release;
		};
		3F240FCD22726AF600C16E97 /* Debug */ = {
			isa = XCBuildConfiguration;
			buildSettings = {
				ASSETCATALOG_COMPILER_APPICON_NAME = AppIcon;
				INFOPLIST_FILE = OurAdventure/Info.plist;
				LD_RUNPATH_SEARCH_PATHS = "$(inherited) @executable_path/Frameworks";
				PRODUCT_BUNDLE_IDENTIFIER = br.com.hackatruck.OurAdventure;
				PRODUCT_NAME = "$(TARGET_NAME)";
				SWIFT_VERSION = 3.0;
			};
			name = Debug;
		};
		3F240FCE22726AF600C16E97 /* Release */ = {
			isa = XCBuildConfiguration;
			buildSettings = {
				ASSETCATALOG_COMPILER_APPICON_NAME = AppIcon;
				INFOPLIST_FILE = OurAdventure/Info.plist;
				LD_RUNPATH_SEARCH_PATHS = "$(inherited) @executable_path/Frameworks";
				PRODUCT_BUNDLE_IDENTIFIER = br.com.hackatruck.OurAdventure;
				PRODUCT_NAME = "$(TARGET_NAME)";
				SWIFT_VERSION = 3.0;
			};
			name = Release;
		};
/* End XCBuildConfiguration section */

/* Begin XCConfigurationList section */
		3F240FB522726AF600C16E97 /* Build configuration list for PBXProject "OurAdventure" */ = {
			isa = XCConfigurationList;
			buildConfigurations = (
				3F240FCA22726AF600C16E97 /* Debug */,
				3F240FCB22726AF600C16E97 /* Release */,
			);
			defaultConfigurationIsVisible = 0;
			defaultConfigurationName = Release;
		};
		3F240FCC22726AF600C16E97 /* Build configuration list for PBXNativeTarget "OurAdventure" */ = {
			isa = XCConfigurationList;
			buildConfigurations = (
				3F240FCD22726AF600C16E97 /* Debug */,
				3F240FCE22726AF600C16E97 /* Release */,
			);
			defaultConfigurationIsVisible = 0;
			defaultConfigurationName = Release;
		};
/* End XCConfigurationList section */
	};
	rootObject = 3F240FB222726AF600C16E97 /* Project object */;
}
